
Microsoft Visual Studio Solution File, Format Version 12.00
Project("{FAE04EC0-301F-11D3-BF4B-00C04F79EFBC}") = "BugReproduction", "BugReproduction\BugReproduction.csproj", "{16C7F257-E047-4385-8347-AAA9BE37E69F}"
EndProject
Global
	GlobalSection(SolutionConfigurationPlatforms) = preSolution
		Debug|Any CPU = Debug|Any CPU
		Release|Any CPU = Release|Any CPU
	EndGlobalSection
	GlobalSection(ProjectConfigurationPlatforms) = postSolution
		{16C7F257-E047-4385-8347-AAA9BE37E69F}.Debug|Any CPU.ActiveCfg = Debug|Any CPU
		{16C7F257-E047-4385-8347-AAA9BE37E69F}.Debug|Any CPU.Build.0 = Debug|Any CPU
		{16C7F257-E047-4385-8347-AAA9BE37E69F}.Release|Any CPU.ActiveCfg = Release|Any CPU
		{16C7F257-E047-4385-8347-AAA9BE37E69F}.Release|Any CPU.Build.0 = Release|Any CPU
	EndGlobalSection
EndGlobal
